
Microsoft Visual Studio Solution File, Format Version 12.00
# Visual Studio Version 17
VisualStudioVersion = 17.14.36202.13 d17.14
MinimumVisualStudioVersion = 10.0.40219.1
Project("{8BC9CEB8-8B4A-11D0-8D11-00A0C91BC942}") = "sortpir2", "sortpir2\sortpir2.vcxproj", "{5C187BA8-5511-4F22-97D6-553ADDC98F74}"
EndProject
Global
	GlobalSection(SolutionConfigurationPlatforms) = preSolution
		Debug|x64 = Debug|x64
		Debug|x86 = Debug|x86
		Release|x64 = Release|x64
		Release|x86 = Release|x86
	EndGlobalSection
	GlobalSection(ProjectConfigurationPlatforms) = postSolution
		{5C187BA8-5511-4F22-97D6-553ADDC98F74}.Debug|x64.ActiveCfg = Debug|x64
		{5C187BA8-5511-4F22-97D6-553ADDC98F74}.Debug|x64.Build.0 = Debug|x64
		{5C187BA8-5511-4F22-97D6-553ADDC98F74}.Debug|x86.ActiveCfg = Debug|Win32
		{5C187BA8-5511-4F22-97D6-553ADDC98F74}.Debug|x86.Build.0 = Debug|Win32
		{5C187BA8-5511-4F22-97D6-553ADDC98F74}.Release|x64.ActiveCfg = Release|x64
		{5C187BA8-5511-4F22-97D6-553ADDC98F74}.Release|x64.Build.0 = Release|x64
		{5C187BA8-5511-4F22-97D6-553ADDC98F74}.Release|x86.ActiveCfg = Release|Win32
		{5C187BA8-5511-4F22-97D6-553ADDC98F74}.Release|x86.Build.0 = Release|Win32
	EndGlobalSection
	GlobalSection(SolutionProperties) = preSolution
		HideSolutionNode = FALSE
	EndGlobalSection
	GlobalSection(ExtensibilityGlobals) = postSolution
		SolutionGuid = {4FA67340-F926-423F-9D5E-2835054D62AF}
	EndGlobalSection
EndGlobal
